
Microsoft Visual Studio Solution File, Format Version 12.00
# Visual Studio Version 16
VisualStudioVersion = 16.0.31205.134
MinimumVisualStudioVersion = 10.0.40219.1
Project("{FAE04EC0-301F-11D3-BF4B-00C04F79EFBC}") = "Mokkien_Varausjarjestelma", "Mokkien_Varausjarjestelma.csproj", "{744D505F-69D0-4C55-9FE1-83FF6DB87D6E}"
EndProject
Global
	GlobalSection(SolutionConfigurationPlatforms) = preSolution
		Debug|Any CPU = Debug|Any CPU
		Release|Any CPU = Release|Any CPU
	EndGlobalSection
	GlobalSection(ProjectConfigurationPlatforms) = postSolution
		{744D505F-69D0-4C55-9FE1-83FF6DB87D6E}.Debug|Any CPU.ActiveCfg = Debug|Any CPU
		{744D505F-69D0-4C55-9FE1-83FF6DB87D6E}.Debug|Any CPU.Build.0 = Debug|Any CPU
		{744D505F-69D0-4C55-9FE1-83FF6DB87D6E}.Release|Any CPU.ActiveCfg = Release|Any CPU
		{744D505F-69D0-4C55-9FE1-83FF6DB87D6E}.Release|Any CPU.Build.0 = Release|Any CPU
	EndGlobalSection
	GlobalSection(SolutionProperties) = preSolution
		HideSolutionNode = FALSE
	EndGlobalSection
	GlobalSection(ExtensibilityGlobals) = postSolution
		SolutionGuid = {0520C07C-7436-4216-B1B8-74AF427E3436}
	EndGlobalSection
EndGlobal
